
Microsoft Visual Studio Solution File, Format Version 12.00
# Visual Studio Version 17
VisualStudioVersion = 17.6.33801.468
MinimumVisualStudioVersion = 10.0.40219.1
Project("{2150E333-8FDC-42A3-9474-1A3956D46DE8}") = "src", "src", "{ADA0EBA8-A4F5-41B1-8CEE-2A74F842E3BA}"
EndProject
Project("{2150E333-8FDC-42A3-9474-1A3956D46DE8}") = "frostlineGamesWebServer", "frostlineGamesWebServer", "{E0809973-7E36-462B-B590-07F92678F240}"
EndProject
Project("{FAE04EC0-301F-11D3-BF4B-00C04F79EFBC}") = "Application", "src\frostlineGamesWebServer\Application\Application.csproj", "{1F08554C-AB60-49F6-AD3C-D9A5CC571121}"
EndProject
Global
	GlobalSection(SolutionConfigurationPlatforms) = preSolution
		Debug|Any CPU = Debug|Any CPU
		Release|Any CPU = Release|Any CPU
	EndGlobalSection
	GlobalSection(ProjectConfigurationPlatforms) = postSolution
		{1F08554C-AB60-49F6-AD3C-D9A5CC571121}.Debug|Any CPU.ActiveCfg = Debug|Any CPU
		{1F08554C-AB60-49F6-AD3C-D9A5CC571121}.Debug|Any CPU.Build.0 = Debug|Any CPU
		{1F08554C-AB60-49F6-AD3C-D9A5CC571121}.Release|Any CPU.ActiveCfg = Release|Any CPU
		{1F08554C-AB60-49F6-AD3C-D9A5CC571121}.Release|Any CPU.Build.0 = Release|Any CPU
	EndGlobalSection
	GlobalSection(SolutionProperties) = preSolution
		HideSolutionNode = FALSE
	EndGlobalSection
	GlobalSection(NestedProjects) = preSolution
		{E0809973-7E36-462B-B590-07F92678F240} = {ADA0EBA8-A4F5-41B1-8CEE-2A74F842E3BA}
		{1F08554C-AB60-49F6-AD3C-D9A5CC571121} = {E0809973-7E36-462B-B590-07F92678F240}
	EndGlobalSection
	GlobalSection(ExtensibilityGlobals) = postSolution
		SolutionGuid = {4FC4F74F-4409-494C-825C-987E199B720F}
	EndGlobalSection
EndGlobal
